
Microsoft Visual Studio Solution File, Format Version 12.00
# Visual Studio Version 17
VisualStudioVersion = 17.8.34525.116
MinimumVisualStudioVersion = 10.0.40219.1
Project("{FAE04EC0-301F-11D3-BF4B-00C04F79EFBC}") = "TestProject1", "TestProject1\TestProject1.csproj", "{0A63C813-DF72-45D3-83FB-000F05E5B611}"
EndProject
Global
	GlobalSection(SolutionConfigurationPlatforms) = preSolution
		Debug|Any CPU = Debug|Any CPU
		Release|Any CPU = Release|Any CPU
	EndGlobalSection
	GlobalSection(ProjectConfigurationPlatforms) = postSolution
		{0A63C813-DF72-45D3-83FB-000F05E5B611}.Debug|Any CPU.ActiveCfg = Debug|Any CPU
		{0A63C813-DF72-45D3-83FB-000F05E5B611}.Debug|Any CPU.Build.0 = Debug|Any CPU
		{0A63C813-DF72-45D3-83FB-000F05E5B611}.Release|Any CPU.ActiveCfg = Release|Any CPU
		{0A63C813-DF72-45D3-83FB-000F05E5B611}.Release|Any CPU.Build.0 = Release|Any CPU
	EndGlobalSection
	GlobalSection(SolutionProperties) = preSolution
		HideSolutionNode = FALSE
	EndGlobalSection
	GlobalSection(ExtensibilityGlobals) = postSolution
		SolutionGuid = {394B2BF1-A7A6-4648-A388-1D3E4A92658C}
	EndGlobalSection
EndGlobal
